{
  "version": "4",
  "specifiers": {
    "npm:js-cookie@^3.0.5": "3.0.5",
    "npm:preact@^10.26.4": "10.26.4"
  },
  "npm": {
    "js-cookie@3.0.5": {
      "integrity": "sha512-cEiJEAEoIbWfCZYKWhVwFuvPX1gETRYPw6LlaTKoxD3s2AkXzkCjnp6h0V77ozyqj0jakteJ4YqDJT830+lVGw=="
    },
    "preact@10.26.4": {
      "integrity": "sha512-KJhO7LBFTjP71d83trW+Ilnjbo+ySsaAgCfXOXUlmGzJ4ygYPWmysm77yg4emwfmoz3b22yvH5IsVFHbhUaH5w=="
    }
  },
  "workspace": {
    "dependencies": [
      "npm:js-cookie@^3.0.5",
      "npm:preact@^10.26.4"
    ]
  }
}
