{
  "version": "5",
  "specifiers": {
    "npm:js-cookie@^3.0.5": "3.0.5",
    "npm:preact@^10.26.5": "10.26.5"
  },
  "npm": {
    "js-cookie@3.0.5": {
      "integrity": "sha512-cEiJEAEoIbWfCZYKWhVwFuvPX1gETRYPw6LlaTKoxD3s2AkXzkCjnp6h0V77ozyqj0jakteJ4YqDJT830+lVGw=="
    },
    "preact@10.26.5": {
      "integrity": "sha512-fmpDkgfGU6JYux9teDWLhj9mKN55tyepwYbxHgQuIxbWQzgFg5vk7Mrrtfx7xRxq798ynkY4DDDxZr235Kk+4w=="
    }
  },
  "workspace": {
    "dependencies": [
      "npm:js-cookie@^3.0.5",
      "npm:preact@^10.26.5"
    ]
  }
}
