{
  "version": "5",
  "specifiers": {
    "npm:js-cookie@^3.0.5": "3.0.5",
    "npm:preact@^10.26.7": "10.26.7"
  },
  "npm": {
    "js-cookie@3.0.5": {
      "integrity": "sha512-cEiJEAEoIbWfCZYKWhVwFuvPX1gETRYPw6LlaTKoxD3s2AkXzkCjnp6h0V77ozyqj0jakteJ4YqDJT830+lVGw=="
    },
    "preact@10.26.7": {
      "integrity": "sha512-43xS+QYc1X1IPbw03faSgY6I6OYWcLrJRv3hU0+qMOfh/XCHcP0MX2CVjNARYR2cC/guu975sta4OcjlczxD7g=="
    }
  },
  "workspace": {
    "dependencies": [
      "npm:js-cookie@^3.0.5",
      "npm:preact@^10.26.7"
    ]
  }
}
